
Microsoft Visual Studio Solution File, Format Version 12.00
# Visual Studio Version 16
VisualStudioVersion = 16.0.30523.141
MinimumVisualStudioVersion = 10.0.40219.1
Project("{8BC9CEB8-8B4A-11D0-8D11-00A0C91BC942}") = "WorkN", "WorkN.vcxproj", "{BC8EE856-110C-4B6F-B0AB-666DFC4F193C}"
EndProject
Global
	GlobalSection(SolutionConfigurationPlatforms) = preSolution
		Debug|x64 = Debug|x64
		Debug|x86 = Debug|x86
		Release|x64 = Release|x64
		Release|x86 = Release|x86
	EndGlobalSection
	GlobalSection(ProjectConfigurationPlatforms) = postSolution
		{BC8EE856-110C-4B6F-B0AB-666DFC4F193C}.Debug|x64.ActiveCfg = Debug|x64
		{BC8EE856-110C-4B6F-B0AB-666DFC4F193C}.Debug|x64.Build.0 = Debug|x64
		{BC8EE856-110C-4B6F-B0AB-666DFC4F193C}.Debug|x86.ActiveCfg = Debug|Win32
		{BC8EE856-110C-4B6F-B0AB-666DFC4F193C}.Debug|x86.Build.0 = Debug|Win32
		{BC8EE856-110C-4B6F-B0AB-666DFC4F193C}.Release|x64.ActiveCfg = Release|x64
		{BC8EE856-110C-4B6F-B0AB-666DFC4F193C}.Release|x64.Build.0 = Release|x64
		{BC8EE856-110C-4B6F-B0AB-666DFC4F193C}.Release|x86.ActiveCfg = Release|Win32
		{BC8EE856-110C-4B6F-B0AB-666DFC4F193C}.Release|x86.Build.0 = Release|Win32
	EndGlobalSection
	GlobalSection(SolutionProperties) = preSolution
		HideSolutionNode = FALSE
	EndGlobalSection
	GlobalSection(ExtensibilityGlobals) = postSolution
		SolutionGuid = {3DD7EC8C-F29D-4F48-B87D-9126700C1838}
	EndGlobalSection
EndGlobal
